
Microsoft Visual Studio Solution File, Format Version 12.00
# Visual Studio Version 17
VisualStudioVersion = 17.7.34221.43
MinimumVisualStudioVersion = 10.0.40219.1
Project("{FAE04EC0-301F-11D3-BF4B-00C04F79EFBC}") = "rgueler_mtcg", "rgueler_mtcg.csproj", "{BB9EA474-FD71-4072-91E9-ECAA9C1301DD}"
EndProject
Global
	GlobalSection(SolutionConfigurationPlatforms) = preSolution
		Debug|Any CPU = Debug|Any CPU
		Release|Any CPU = Release|Any CPU
	EndGlobalSection
	GlobalSection(ProjectConfigurationPlatforms) = postSolution
		{BB9EA474-FD71-4072-91E9-ECAA9C1301DD}.Debug|Any CPU.ActiveCfg = Debug|Any CPU
		{BB9EA474-FD71-4072-91E9-ECAA9C1301DD}.Debug|Any CPU.Build.0 = Debug|Any CPU
		{BB9EA474-FD71-4072-91E9-ECAA9C1301DD}.Release|Any CPU.ActiveCfg = Release|Any CPU
		{BB9EA474-FD71-4072-91E9-ECAA9C1301DD}.Release|Any CPU.Build.0 = Release|Any CPU
	EndGlobalSection
	GlobalSection(SolutionProperties) = preSolution
		HideSolutionNode = FALSE
	EndGlobalSection
	GlobalSection(ExtensibilityGlobals) = postSolution
		SolutionGuid = {5A380A8D-A985-465A-AB02-C58C76D38AC3}
	EndGlobalSection
EndGlobal
